
Microsoft Visual Studio Solution File, Format Version 12.00
# Visual Studio Version 17
VisualStudioVersion = 17.8.34330.188
MinimumVisualStudioVersion = 10.0.40219.1
Project("{8BC9CEB8-8B4A-11D0-8D11-00A0C91BC942}") = "Nested Functions with Enums  (week days)", "Nested Functions with Enums  (week days).vcxproj", "{9CF479B5-D531-4A6C-A630-617F0C4BACA4}"
EndProject
Global
	GlobalSection(SolutionConfigurationPlatforms) = preSolution
		Debug|x64 = Debug|x64
		Debug|x86 = Debug|x86
		Release|x64 = Release|x64
		Release|x86 = Release|x86
	EndGlobalSection
	GlobalSection(ProjectConfigurationPlatforms) = postSolution
		{9CF479B5-D531-4A6C-A630-617F0C4BACA4}.Debug|x64.ActiveCfg = Debug|x64
		{9CF479B5-D531-4A6C-A630-617F0C4BACA4}.Debug|x64.Build.0 = Debug|x64
		{9CF479B5-D531-4A6C-A630-617F0C4BACA4}.Debug|x86.ActiveCfg = Debug|Win32
		{9CF479B5-D531-4A6C-A630-617F0C4BACA4}.Debug|x86.Build.0 = Debug|Win32
		{9CF479B5-D531-4A6C-A630-617F0C4BACA4}.Release|x64.ActiveCfg = Release|x64
		{9CF479B5-D531-4A6C-A630-617F0C4BACA4}.Release|x64.Build.0 = Release|x64
		{9CF479B5-D531-4A6C-A630-617F0C4BACA4}.Release|x86.ActiveCfg = Release|Win32
		{9CF479B5-D531-4A6C-A630-617F0C4BACA4}.Release|x86.Build.0 = Release|Win32
	EndGlobalSection
	GlobalSection(SolutionProperties) = preSolution
		HideSolutionNode = FALSE
	EndGlobalSection
	GlobalSection(ExtensibilityGlobals) = postSolution
		SolutionGuid = {77215943-7C7D-4D1F-BC2F-5E2044EC4235}
	EndGlobalSection
EndGlobal
