
Microsoft Visual Studio Solution File, Format Version 12.00
# Visual Studio Version 17
VisualStudioVersion = 17.8.34330.188
MinimumVisualStudioVersion = 10.0.40219.1
Project("{8BC9CEB8-8B4A-11D0-8D11-00A0C91BC942}") = "Read until Age between", "Read until Age between.vcxproj", "{4FA47543-D15D-4252-9158-E98941A4BD50}"
EndProject
Global
	GlobalSection(SolutionConfigurationPlatforms) = preSolution
		Debug|x64 = Debug|x64
		Debug|x86 = Debug|x86
		Release|x64 = Release|x64
		Release|x86 = Release|x86
	EndGlobalSection
	GlobalSection(ProjectConfigurationPlatforms) = postSolution
		{4FA47543-D15D-4252-9158-E98941A4BD50}.Debug|x64.ActiveCfg = Debug|x64
		{4FA47543-D15D-4252-9158-E98941A4BD50}.Debug|x64.Build.0 = Debug|x64
		{4FA47543-D15D-4252-9158-E98941A4BD50}.Debug|x86.ActiveCfg = Debug|Win32
		{4FA47543-D15D-4252-9158-E98941A4BD50}.Debug|x86.Build.0 = Debug|Win32
		{4FA47543-D15D-4252-9158-E98941A4BD50}.Release|x64.ActiveCfg = Release|x64
		{4FA47543-D15D-4252-9158-E98941A4BD50}.Release|x64.Build.0 = Release|x64
		{4FA47543-D15D-4252-9158-E98941A4BD50}.Release|x86.ActiveCfg = Release|Win32
		{4FA47543-D15D-4252-9158-E98941A4BD50}.Release|x86.Build.0 = Release|Win32
	EndGlobalSection
	GlobalSection(SolutionProperties) = preSolution
		HideSolutionNode = FALSE
	EndGlobalSection
	GlobalSection(ExtensibilityGlobals) = postSolution
		SolutionGuid = {120DFDE9-CC62-46C8-833A-59C491089E5D}
	EndGlobalSection
EndGlobal
