
Microsoft Visual Studio Solution File, Format Version 12.00
# Visual Studio Version 17
VisualStudioVersion = 17.8.34330.188
MinimumVisualStudioVersion = 10.0.40219.1
Project("{8BC9CEB8-8B4A-11D0-8D11-00A0C91BC942}") = "Circle Area p 18", "Circle Area p 18.vcxproj", "{52258317-9103-4165-B7BC-88D1D81F9E97}"
EndProject
Global
	GlobalSection(SolutionConfigurationPlatforms) = preSolution
		Debug|x64 = Debug|x64
		Debug|x86 = Debug|x86
		Release|x64 = Release|x64
		Release|x86 = Release|x86
	EndGlobalSection
	GlobalSection(ProjectConfigurationPlatforms) = postSolution
		{52258317-9103-4165-B7BC-88D1D81F9E97}.Debug|x64.ActiveCfg = Debug|x64
		{52258317-9103-4165-B7BC-88D1D81F9E97}.Debug|x64.Build.0 = Debug|x64
		{52258317-9103-4165-B7BC-88D1D81F9E97}.Debug|x86.ActiveCfg = Debug|Win32
		{52258317-9103-4165-B7BC-88D1D81F9E97}.Debug|x86.Build.0 = Debug|Win32
		{52258317-9103-4165-B7BC-88D1D81F9E97}.Release|x64.ActiveCfg = Release|x64
		{52258317-9103-4165-B7BC-88D1D81F9E97}.Release|x64.Build.0 = Release|x64
		{52258317-9103-4165-B7BC-88D1D81F9E97}.Release|x86.ActiveCfg = Release|Win32
		{52258317-9103-4165-B7BC-88D1D81F9E97}.Release|x86.Build.0 = Release|Win32
	EndGlobalSection
	GlobalSection(SolutionProperties) = preSolution
		HideSolutionNode = FALSE
	EndGlobalSection
	GlobalSection(ExtensibilityGlobals) = postSolution
		SolutionGuid = {B302B90F-87FF-4F04-871D-9904EBA8AC0D}
	EndGlobalSection
EndGlobal
