
Microsoft Visual Studio Solution File, Format Version 12.00
# Visual Studio Version 17
VisualStudioVersion = 17.8.34330.188
MinimumVisualStudioVersion = 10.0.40219.1
Project("{8BC9CEB8-8B4A-11D0-8D11-00A0C91BC942}") = "Circle Area Inscribed in an Isosceles Triangle p2", "Circle Area Inscribed in an Isosceles Triangle p2.vcxproj", "{17FDE947-5B7A-4890-B1CA-685F7A99A983}"
EndProject
Global
	GlobalSection(SolutionConfigurationPlatforms) = preSolution
		Debug|x64 = Debug|x64
		Debug|x86 = Debug|x86
		Release|x64 = Release|x64
		Release|x86 = Release|x86
	EndGlobalSection
	GlobalSection(ProjectConfigurationPlatforms) = postSolution
		{17FDE947-5B7A-4890-B1CA-685F7A99A983}.Debug|x64.ActiveCfg = Debug|x64
		{17FDE947-5B7A-4890-B1CA-685F7A99A983}.Debug|x64.Build.0 = Debug|x64
		{17FDE947-5B7A-4890-B1CA-685F7A99A983}.Debug|x86.ActiveCfg = Debug|Win32
		{17FDE947-5B7A-4890-B1CA-685F7A99A983}.Debug|x86.Build.0 = Debug|Win32
		{17FDE947-5B7A-4890-B1CA-685F7A99A983}.Release|x64.ActiveCfg = Release|x64
		{17FDE947-5B7A-4890-B1CA-685F7A99A983}.Release|x64.Build.0 = Release|x64
		{17FDE947-5B7A-4890-B1CA-685F7A99A983}.Release|x86.ActiveCfg = Release|Win32
		{17FDE947-5B7A-4890-B1CA-685F7A99A983}.Release|x86.Build.0 = Release|Win32
	EndGlobalSection
	GlobalSection(SolutionProperties) = preSolution
		HideSolutionNode = FALSE
	EndGlobalSection
	GlobalSection(ExtensibilityGlobals) = postSolution
		SolutionGuid = {B89CE6B0-491D-4D07-89A5-D63A5AA0A08A}
	EndGlobalSection
EndGlobal
