
Microsoft Visual Studio Solution File, Format Version 12.00
# Visual Studio Version 17
VisualStudioVersion = 17.8.34330.188
MinimumVisualStudioVersion = 10.0.40219.1
Project("{8BC9CEB8-8B4A-11D0-8D11-00A0C91BC942}") = "Circle Area Through Diameter p19", "Circle Area Through Diameter p19.vcxproj", "{CE9E6881-B7FA-4006-BBC0-2DC07A4D525E}"
EndProject
Global
	GlobalSection(SolutionConfigurationPlatforms) = preSolution
		Debug|x64 = Debug|x64
		Debug|x86 = Debug|x86
		Release|x64 = Release|x64
		Release|x86 = Release|x86
	EndGlobalSection
	GlobalSection(ProjectConfigurationPlatforms) = postSolution
		{CE9E6881-B7FA-4006-BBC0-2DC07A4D525E}.Debug|x64.ActiveCfg = Debug|x64
		{CE9E6881-B7FA-4006-BBC0-2DC07A4D525E}.Debug|x64.Build.0 = Debug|x64
		{CE9E6881-B7FA-4006-BBC0-2DC07A4D525E}.Debug|x86.ActiveCfg = Debug|Win32
		{CE9E6881-B7FA-4006-BBC0-2DC07A4D525E}.Debug|x86.Build.0 = Debug|Win32
		{CE9E6881-B7FA-4006-BBC0-2DC07A4D525E}.Release|x64.ActiveCfg = Release|x64
		{CE9E6881-B7FA-4006-BBC0-2DC07A4D525E}.Release|x64.Build.0 = Release|x64
		{CE9E6881-B7FA-4006-BBC0-2DC07A4D525E}.Release|x86.ActiveCfg = Release|Win32
		{CE9E6881-B7FA-4006-BBC0-2DC07A4D525E}.Release|x86.Build.0 = Release|Win32
	EndGlobalSection
	GlobalSection(SolutionProperties) = preSolution
		HideSolutionNode = FALSE
	EndGlobalSection
	GlobalSection(ExtensibilityGlobals) = postSolution
		SolutionGuid = {A471AD95-84B8-42A9-9140-C50E0EEB5E72}
	EndGlobalSection
EndGlobal
